// !$*UTF8*$!
{
	archiveVersion = 1;
	classes = {
	};
	objectVersion = 48;
	objects = {

/* Begin PBXBuildFile section */
		2D4FA05C709CCD6FC2192494 /* Pods_hagTaskUITests.framework in Frameworks */ = {isa = PBXBuildFile; fileRef = 7DE1608DC121EA97330CE971 /* Pods_hagTaskUITests.framework */; };
		82967E04D8630DF6E095C55E /* Pods_hagTaskTests.framework in Frameworks */ = {isa = PBXBuildFile; fileRef = D287F62863ACCA5D9B8B9430 /* Pods_hagTaskTests.framework */; };
		A154D43821F1DC4900314CB2 /* AppDelegate.swift in Sources */ = {isa = PBXBuildFile; fileRef = A154D43721F1DC4900314CB2 /* AppDelegate.swift */; };
		A154D43A21F1DC4900314CB2 /* ViewController.swift in Sources */ = {isa = PBXBuildFile; fileRef = A154D43921F1DC4900314CB2 /* ViewController.swift */; };
		A154D43D21F1DC4900314CB2 /* Main.storyboard in Resources */ = {isa = PBXBuildFile; fileRef = A154D43B21F1DC4900314CB2 /* Main.storyboard */; };
		A154D44021F1DC4900314CB2 /* hagTask.xcdatamodeld in Sources */ = {isa = PBXBuildFile; fileRef = A154D43E21F1DC4900314CB2 /* hagTask.xcdatamodeld */; };
		A154D44221F1DC4900314CB2 /* Assets.xcassets in Resources */ = {isa = PBXBuildFile; fileRef = A154D44121F1DC4900314CB2 /* Assets.xcassets */; };
		A154D44521F1DC4900314CB2 /* LaunchScreen.storyboard in Resources */ = {isa = PBXBuildFile; fileRef = A154D44321F1DC4900314CB2 /* LaunchScreen.storyboard */; };
		A154D45021F1DC4900314CB2 /* hagTaskTests.swift in Sources */ = {isa = PBXBuildFile; fileRef = A154D44F21F1DC4900314CB2 /* hagTaskTests.swift */; };
		A154D45B21F1DC4900314CB2 /* hagTaskUITests.swift in Sources */ = {isa = PBXBuildFile; fileRef = A154D45A21F1DC4900314CB2 /* hagTaskUITests.swift */; };
		A1C1850B21F33DFB003AC051 /* DescriptionPageViewController.swift in Sources */ = {isa = PBXBuildFile; fileRef = A1C1850A21F33DFB003AC051 /* DescriptionPageViewController.swift */; };
		AD1717C67A5DB7D7C4D740BA /* Pods_hagTask.framework in Frameworks */ = {isa = PBXBuildFile; fileRef = CE8E6875AB5836A2662BD6D5 /* Pods_hagTask.framework */; };
/* End PBXBuildFile section */

/* Begin PBXContainerItemProxy section */
		A154D44C21F1DC4900314CB2 /* PBXContainerItemProxy */ = {
			isa = PBXContainerItemProxy;
			containerPortal = A154D42C21F1DC4800314CB2 /* Project object */;
			proxyType = 1;
			remoteGlobalIDString = A154D43321F1DC4900314CB2;
			remoteInfo = hagTask;
		};
		A154D45721F1DC4900314CB2 /* PBXContainerItemProxy */ = {
			isa = PBXContainerItemProxy;
			containerPortal = A154D42C21F1DC4800314CB2 /* Project object */;
			proxyType = 1;
			remoteGlobalIDString = A154D43321F1DC4900314CB2;
			remoteInfo = hagTask;
		};
/* End PBXContainerItemProxy section */

/* Begin PBXFileReference section */
		7DE1608DC121EA97330CE971 /* Pods_hagTaskUITests.framework */ = {isa = PBXFileReference; explicitFileType = wrapper.framework; includeInIndex = 0; path = Pods_hagTaskUITests.framework; sourceTree = BUILT_PRODUCTS_DIR; };
		8866F8276AAF4F6EF278E370 /* Pods-hagTaskUITests.debug.xcconfig */ = {isa = PBXFileReference; includeInIndex = 1; lastKnownFileType = text.xcconfig; name = "Pods-hagTaskUITests.debug.xcconfig"; path = "Pods/Target Support Files/Pods-hagTaskUITests/Pods-hagTaskUITests.debug.xcconfig"; sourceTree = "<group>"; };
		8C202A05578BD612D0EC8848 /* Pods-hagTask.debug.xcconfig */ = {isa = PBXFileReference; includeInIndex = 1; lastKnownFileType = text.xcconfig; name = "Pods-hagTask.debug.xcconfig"; path = "Pods/Target Support Files/Pods-hagTask/Pods-hagTask.debug.xcconfig"; sourceTree = "<group>"; };
		99525EBED3E4D33F36D94E4A /* Pods-hagTaskTests.release.xcconfig */ = {isa = PBXFileReference; includeInIndex = 1; lastKnownFileType = text.xcconfig; name = "Pods-hagTaskTests.release.xcconfig"; path = "Pods/Target Support Files/Pods-hagTaskTests/Pods-hagTaskTests.release.xcconfig"; sourceTree = "<group>"; };
		9F52FB3377BAF67F63183482 /* Pods-hagTaskTests.debug.xcconfig */ = {isa = PBXFileReference; includeInIndex = 1; lastKnownFileType = text.xcconfig; name = "Pods-hagTaskTests.debug.xcconfig"; path = "Pods/Target Support Files/Pods-hagTaskTests/Pods-hagTaskTests.debug.xcconfig"; sourceTree = "<group>"; };
		A154D43421F1DC4900314CB2 /* hagTask.app */ = {isa = PBXFileReference; explicitFileType = wrapper.application; includeInIndex = 0; path = hagTask.app; sourceTree = BUILT_PRODUCTS_DIR; };
		A154D43721F1DC4900314CB2 /* AppDelegate.swift */ = {isa = PBXFileReference; lastKnownFileType = sourcecode.swift; path = AppDelegate.swift; sourceTree = "<group>"; };
		A154D43921F1DC4900314CB2 /* ViewController.swift */ = {isa = PBXFileReference; lastKnownFileType = sourcecode.swift; path = ViewController.swift; sourceTree = "<group>"; };
		A154D43C21F1DC4900314CB2 /* Base */ = {isa = PBXFileReference; lastKnownFileType = file.storyboard; name = Base; path = Base.lproj/Main.storyboard; sourceTree = "<group>"; };
		A154D43F21F1DC4900314CB2 /* hagTask.xcdatamodel */ = {isa = PBXFileReference; lastKnownFileType = wrapper.xcdatamodel; path = hagTask.xcdatamodel; sourceTree = "<group>"; };
		A154D44121F1DC4900314CB2 /* Assets.xcassets */ = {isa = PBXFileReference; lastKnownFileType = folder.assetcatalog; path = Assets.xcassets; sourceTree = "<group>"; };
		A154D44421F1DC4900314CB2 /* Base */ = {isa = PBXFileReference; lastKnownFileType = file.storyboard; name = Base; path = Base.lproj/LaunchScreen.storyboard; sourceTree = "<group>"; };
		A154D44621F1DC4900314CB2 /* Info.plist */ = {isa = PBXFileReference; lastKnownFileType = text.plist.xml; path = Info.plist; sourceTree = "<group>"; };
		A154D44B21F1DC4900314CB2 /* hagTaskTests.xctest */ = {isa = PBXFileReference; explicitFileType = wrapper.cfbundle; includeInIndex = 0; path = hagTaskTests.xctest; sourceTree = BUILT_PRODUCTS_DIR; };
		A154D44F21F1DC4900314CB2 /* hagTaskTests.swift */ = {isa = PBXFileReference; lastKnownFileType = sourcecode.swift; path = hagTaskTests.swift; sourceTree = "<group>"; };
		A154D45121F1DC4900314CB2 /* Info.plist */ = {isa = PBXFileReference; lastKnownFileType = text.plist.xml; path = Info.plist; sourceTree = "<group>"; };
		A154D45621F1DC4900314CB2 /* hagTaskUITests.xctest */ = {isa = PBXFileReference; explicitFileType = wrapper.cfbundle; includeInIndex = 0; path = hagTaskUITests.xctest; sourceTree = BUILT_PRODUCTS_DIR; };
		A154D45A21F1DC4900314CB2 /* hagTaskUITests.swift */ = {isa = PBXFileReference; lastKnownFileType = sourcecode.swift; path = hagTaskUITests.swift; sourceTree = "<group>"; };
		A154D45C21F1DC4900314CB2 /* Info.plist */ = {isa = PBXFileReference; lastKnownFileType = text.plist.xml; path = Info.plist; sourceTree = "<group>"; };
		A1C1850A21F33DFB003AC051 /* DescriptionPageViewController.swift */ = {isa = PBXFileReference; lastKnownFileType = sourcecode.swift; path = DescriptionPageViewController.swift; sourceTree = "<group>"; };
		B68FA4DF2C42DABEA572AAEB /* Pods-hagTask.release.xcconfig */ = {isa = PBXFileReference; includeInIndex = 1; lastKnownFileType = text.xcconfig; name = "Pods-hagTask.release.xcconfig"; path = "Pods/Target Support Files/Pods-hagTask/Pods-hagTask.release.xcconfig"; sourceTree = "<group>"; };
		CE8E6875AB5836A2662BD6D5 /* Pods_hagTask.framework */ = {isa = PBXFileReference; explicitFileType = wrapper.framework; includeInIndex = 0; path = Pods_hagTask.framework; sourceTree = BUILT_PRODUCTS_DIR; };
		D287F62863ACCA5D9B8B9430 /* Pods_hagTaskTests.framework */ = {isa = PBXFileReference; explicitFileType = wrapper.framework; includeInIndex = 0; path = Pods_hagTaskTests.framework; sourceTree = BUILT_PRODUCTS_DIR; };
		DE394A8A2D40BB3385C8AD5A /* Pods-hagTaskUITests.release.xcconfig */ = {isa = PBXFileReference; includeInIndex = 1; lastKnownFileType = text.xcconfig; name = "Pods-hagTaskUITests.release.xcconfig"; path = "Pods/Target Support Files/Pods-hagTaskUITests/Pods-hagTaskUITests.release.xcconfig"; sourceTree = "<group>"; };
/* End PBXFileReference section */

/* Begin PBXFrameworksBuildPhase section */
		A154D43121F1DC4900314CB2 /* Frameworks */ = {
			isa = PBXFrameworksBuildPhase;
			buildActionMask = 2147483647;
			files = (
				AD1717C67A5DB7D7C4D740BA /* Pods_hagTask.framework in Frameworks */,
			);
			runOnlyForDeploymentPostprocessing = 0;
		};
		A154D44821F1DC4900314CB2 /* Frameworks */ = {
			isa = PBXFrameworksBuildPhase;
			buildActionMask = 2147483647;
			files = (
				82967E04D8630DF6E095C55E /* Pods_hagTaskTests.framework in Frameworks */,
			);
			runOnlyForDeploymentPostprocessing = 0;
		};
		A154D45321F1DC4900314CB2 /* Frameworks */ = {
			isa = PBXFrameworksBuildPhase;
			buildActionMask = 2147483647;
			files = (
				2D4FA05C709CCD6FC2192494 /* Pods_hagTaskUITests.framework in Frameworks */,
			);
			runOnlyForDeploymentPostprocessing = 0;
		};
/* End PBXFrameworksBuildPhase section */

/* Begin PBXGroup section */
		2A56C115A10664981D527953 /* Frameworks */ = {
			isa = PBXGroup;
			children = (
				CE8E6875AB5836A2662BD6D5 /* Pods_hagTask.framework */,
				D287F62863ACCA5D9B8B9430 /* Pods_hagTaskTests.framework */,
				7DE1608DC121EA97330CE971 /* Pods_hagTaskUITests.framework */,
			);
			name = Frameworks;
			sourceTree = "<group>";
		};
		A154D42B21F1DC4800314CB2 = {
			isa = PBXGroup;
			children = (
				A154D43621F1DC4900314CB2 /* hagTask */,
				A154D44E21F1DC4900314CB2 /* hagTaskTests */,
				A154D45921F1DC4900314CB2 /* hagTaskUITests */,
				A154D43521F1DC4900314CB2 /* Products */,
				FEC45B84D7FE0CF583D4A536 /* Pods */,
				2A56C115A10664981D527953 /* Frameworks */,
			);
			sourceTree = "<group>";
		};
		A154D43521F1DC4900314CB2 /* Products */ = {
			isa = PBXGroup;
			children = (
				A154D43421F1DC4900314CB2 /* hagTask.app */,
				A154D44B21F1DC4900314CB2 /* hagTaskTests.xctest */,
				A154D45621F1DC4900314CB2 /* hagTaskUITests.xctest */,
			);
			name = Products;
			sourceTree = "<group>";
		};
		A154D43621F1DC4900314CB2 /* hagTask */ = {
			isa = PBXGroup;
			children = (
				A154D43721F1DC4900314CB2 /* AppDelegate.swift */,
				A154D43921F1DC4900314CB2 /* ViewController.swift */,
				A1C1850A21F33DFB003AC051 /* DescriptionPageViewController.swift */,
				A154D43B21F1DC4900314CB2 /* Main.storyboard */,
				A154D44121F1DC4900314CB2 /* Assets.xcassets */,
				A154D44321F1DC4900314CB2 /* LaunchScreen.storyboard */,
				A154D44621F1DC4900314CB2 /* Info.plist */,
				A154D43E21F1DC4900314CB2 /* hagTask.xcdatamodeld */,
			);
			path = hagTask;
			sourceTree = "<group>";
		};
		A154D44E21F1DC4900314CB2 /* hagTaskTests */ = {
			isa = PBXGroup;
			children = (
				A154D44F21F1DC4900314CB2 /* hagTaskTests.swift */,
				A154D45121F1DC4900314CB2 /* Info.plist */,
			);
			path = hagTaskTests;
			sourceTree = "<group>";
		};
		A154D45921F1DC4900314CB2 /* hagTaskUITests */ = {
			isa = PBXGroup;
			children = (
				A154D45A21F1DC4900314CB2 /* hagTaskUITests.swift */,
				A154D45C21F1DC4900314CB2 /* Info.plist */,
			);
			path = hagTaskUITests;
			sourceTree = "<group>";
		};
		FEC45B84D7FE0CF583D4A536 /* Pods */ = {
			isa = PBXGroup;
			children = (
				8C202A05578BD612D0EC8848 /* Pods-hagTask.debug.xcconfig */,
				B68FA4DF2C42DABEA572AAEB /* Pods-hagTask.release.xcconfig */,
				9F52FB3377BAF67F63183482 /* Pods-hagTaskTests.debug.xcconfig */,
				99525EBED3E4D33F36D94E4A /* Pods-hagTaskTests.release.xcconfig */,
				8866F8276AAF4F6EF278E370 /* Pods-hagTaskUITests.debug.xcconfig */,
				DE394A8A2D40BB3385C8AD5A /* Pods-hagTaskUITests.release.xcconfig */,
			);
			name = Pods;
			sourceTree = "<group>";
		};
/* End PBXGroup section */

/* Begin PBXNativeTarget section */
		A154D43321F1DC4900314CB2 /* hagTask */ = {
			isa = PBXNativeTarget;
			buildConfigurationList = A154D45F21F1DC4900314CB2 /* Build configuration list for PBXNativeTarget "hagTask" */;
			buildPhases = (
				C7B6B1156AF65F5EEEE5EBD3 /* [CP] Check Pods Manifest.lock */,
				A154D43021F1DC4900314CB2 /* Sources */,
				A154D43121F1DC4900314CB2 /* Frameworks */,
				A154D43221F1DC4900314CB2 /* Resources */,
				04206FC894B7AFAEA84E809A /* [CP] Embed Pods Frameworks */,
			);
			buildRules = (
			);
			dependencies = (
			);
			name = hagTask;
			productName = hagTask;
			productReference = A154D43421F1DC4900314CB2 /* hagTask.app */;
			productType = "com.apple.product-type.application";
		};
		A154D44A21F1DC4900314CB2 /* hagTaskTests */ = {
			isa = PBXNativeTarget;
			buildConfigurationList = A154D46221F1DC4900314CB2 /* Build configuration list for PBXNativeTarget "hagTaskTests" */;
			buildPhases = (
				F01E1BAB35B077D58481DC3F /* [CP] Check Pods Manifest.lock */,
				A154D44721F1DC4900314CB2 /* Sources */,
				A154D44821F1DC4900314CB2 /* Frameworks */,
				A154D44921F1DC4900314CB2 /* Resources */,
			);
			buildRules = (
			);
			dependencies = (
				A154D44D21F1DC4900314CB2 /* PBXTargetDependency */,
			);
			name = hagTaskTests;
			productName = hagTaskTests;
			productReference = A154D44B21F1DC4900314CB2 /* hagTaskTests.xctest */;
			productType = "com.apple.product-type.bundle.unit-test";
		};
		A154D45521F1DC4900314CB2 /* hagTaskUITests */ = {
			isa = PBXNativeTarget;
			buildConfigurationList = A154D46521F1DC4900314CB2 /* Build configuration list for PBXNativeTarget "hagTaskUITests" */;
			buildPhases = (
				79847BB3072FA5F45F3FA23F /* [CP] Check Pods Manifest.lock */,
				A154D45221F1DC4900314CB2 /* Sources */,
				A154D45321F1DC4900314CB2 /* Frameworks */,
				A154D45421F1DC4900314CB2 /* Resources */,
			);
			buildRules = (
			);
			dependencies = (
				A154D45821F1DC4900314CB2 /* PBXTargetDependency */,
			);
			name = hagTaskUITests;
			productName = hagTaskUITests;
			productReference = A154D45621F1DC4900314CB2 /* hagTaskUITests.xctest */;
			productType = "com.apple.product-type.bundle.ui-testing";
		};
/* End PBXNativeTarget section */

/* Begin PBXProject section */
		A154D42C21F1DC4800314CB2 /* Project object */ = {
			isa = PBXProject;
			attributes = {
				LastSwiftUpdateCheck = 0920;
				LastUpgradeCheck = 0920;
				ORGANIZATIONNAME = Akhila;
				TargetAttributes = {
					A154D43321F1DC4900314CB2 = {
						CreatedOnToolsVersion = 9.2;
						ProvisioningStyle = Automatic;
					};
					A154D44A21F1DC4900314CB2 = {
						CreatedOnToolsVersion = 9.2;
						ProvisioningStyle = Automatic;
						TestTargetID = A154D43321F1DC4900314CB2;
					};
					A154D45521F1DC4900314CB2 = {
						CreatedOnToolsVersion = 9.2;
						ProvisioningStyle = Automatic;
						TestTargetID = A154D43321F1DC4900314CB2;
					};
				};
			};
			buildConfigurationList = A154D42F21F1DC4800314CB2 /* Build configuration list for PBXProject "hagTask" */;
			compatibilityVersion = "Xcode 8.0";
			developmentRegion = en;
			hasScannedForEncodings = 0;
			knownRegions = (
				en,
				Base,
			);
			mainGroup = A154D42B21F1DC4800314CB2;
			productRefGroup = A154D43521F1DC4900314CB2 /* Products */;
			projectDirPath = "";
			projectRoot = "";
			targets = (
				A154D43321F1DC4900314CB2 /* hagTask */,
				A154D44A21F1DC4900314CB2 /* hagTaskTests */,
				A154D45521F1DC4900314CB2 /* hagTaskUITests */,
			);
		};
/* End PBXProject section */

/* Begin PBXResourcesBuildPhase section */
		A154D43221F1DC4900314CB2 /* Resources */ = {
			isa = PBXResourcesBuildPhase;
			buildActionMask = 2147483647;
			files = (
				A154D44521F1DC4900314CB2 /* LaunchScreen.storyboard in Resources */,
				A154D44221F1DC4900314CB2 /* Assets.xcassets in Resources */,
				A154D43D21F1DC4900314CB2 /* Main.storyboard in Resources */,
			);
			runOnlyForDeploymentPostprocessing = 0;
		};
		A154D44921F1DC4900314CB2 /* Resources */ = {
			isa = PBXResourcesBuildPhase;
			buildActionMask = 2147483647;
			files = (
			);
			runOnlyForDeploymentPostprocessing = 0;
		};
		A154D45421F1DC4900314CB2 /* Resources */ = {
			isa = PBXResourcesBuildPhase;
			buildActionMask = 2147483647;
			files = (
			);
			runOnlyForDeploymentPostprocessing = 0;
		};
/* End PBXResourcesBuildPhase section */

/* Begin PBXShellScriptBuildPhase section */
		04206FC894B7AFAEA84E809A /* [CP] Embed Pods Frameworks */ = {
			isa = PBXShellScriptBuildPhase;
			buildActionMask = 2147483647;
			files = (
			);
			inputFileListPaths = (
			);
			inputPaths = (
				"${SRCROOT}/Pods/Target Support Files/Pods-hagTask/Pods-hagTask-frameworks.sh",
				"${BUILT_PRODUCTS_DIR}/Parchment/Parchment.framework",
			);
			name = "[CP] Embed Pods Frameworks";
			outputFileListPaths = (
			);
			outputPaths = (
				"${TARGET_BUILD_DIR}/${FRAMEWORKS_FOLDER_PATH}/Parchment.framework",
			);
			runOnlyForDeploymentPostprocessing = 0;
			shellPath = /bin/sh;
			shellScript = "\"${SRCROOT}/Pods/Target Support Files/Pods-hagTask/Pods-hagTask-frameworks.sh\"\n";
			showEnvVarsInLog = 0;
		};
		79847BB3072FA5F45F3FA23F /* [CP] Check Pods Manifest.lock */ = {
			isa = PBXShellScriptBuildPhase;
			buildActionMask = 2147483647;
			files = (
			);
			inputFileListPaths = (
			);
			inputPaths = (
				"${PODS_PODFILE_DIR_PATH}/Podfile.lock",
				"${PODS_ROOT}/Manifest.lock",
			);
			name = "[CP] Check Pods Manifest.lock";
			outputFileListPaths = (
			);
			outputPaths = (
				"$(DERIVED_FILE_DIR)/Pods-hagTaskUITests-checkManifestLockResult.txt",
			);
			runOnlyForDeploymentPostprocessing = 0;
			shellPath = /bin/sh;
			shellScript = "diff \"${PODS_PODFILE_DIR_PATH}/Podfile.lock\" \"${PODS_ROOT}/Manifest.lock\" > /dev/null\nif [ $? != 0 ] ; then\n    # print error to STDERR\n    echo \"error: The sandbox is not in sync with the Podfile.lock. Run 'pod install' or update your CocoaPods installation.\" >&2\n    exit 1\nfi\n# This output is used by Xcode 'outputs' to avoid re-running this script phase.\necho \"SUCCESS\" > \"${SCRIPT_OUTPUT_FILE_0}\"\n";
			showEnvVarsInLog = 0;
		};
		C7B6B1156AF65F5EEEE5EBD3 /* [CP] Check Pods Manifest.lock */ = {
			isa = PBXShellScriptBuildPhase;
			buildActionMask = 2147483647;
			files = (
			);
			inputFileListPaths = (
			);
			inputPaths = (
				"${PODS_PODFILE_DIR_PATH}/Podfile.lock",
				"${PODS_ROOT}/Manifest.lock",
			);
			name = "[CP] Check Pods Manifest.lock";
			outputFileListPaths = (
			);
			outputPaths = (
				"$(DERIVED_FILE_DIR)/Pods-hagTask-checkManifestLockResult.txt",
			);
			runOnlyForDeploymentPostprocessing = 0;
			shellPath = /bin/sh;
			shellScript = "diff \"${PODS_PODFILE_DIR_PATH}/Podfile.lock\" \"${PODS_ROOT}/Manifest.lock\" > /dev/null\nif [ $? != 0 ] ; then\n    # print error to STDERR\n    echo \"error: The sandbox is not in sync with the Podfile.lock. Run 'pod install' or update your CocoaPods installation.\" >&2\n    exit 1\nfi\n# This output is used by Xcode 'outputs' to avoid re-running this script phase.\necho \"SUCCESS\" > \"${SCRIPT_OUTPUT_FILE_0}\"\n";
			showEnvVarsInLog = 0;
		};
		F01E1BAB35B077D58481DC3F /* [CP] Check Pods Manifest.lock */ = {
			isa = PBXShellScriptBuildPhase;
			buildActionMask = 2147483647;
			files = (
			);
			inputFileListPaths = (
			);
			inputPaths = (
				"${PODS_PODFILE_DIR_PATH}/Podfile.lock",
				"${PODS_ROOT}/Manifest.lock",
			);
			name = "[CP] Check Pods Manifest.lock";
			outputFileListPaths = (
			);
			outputPaths = (
				"$(DERIVED_FILE_DIR)/Pods-hagTaskTests-checkManifestLockResult.txt",
			);
			runOnlyForDeploymentPostprocessing = 0;
			shellPath = /bin/sh;
			shellScript = "diff \"${PODS_PODFILE_DIR_PATH}/Podfile.lock\" \"${PODS_ROOT}/Manifest.lock\" > /dev/null\nif [ $? != 0 ] ; then\n    # print error to STDERR\n    echo \"error: The sandbox is not in sync with the Podfile.lock. Run 'pod install' or update your CocoaPods installation.\" >&2\n    exit 1\nfi\n# This output is used by Xcode 'outputs' to avoid re-running this script phase.\necho \"SUCCESS\" > \"${SCRIPT_OUTPUT_FILE_0}\"\n";
			showEnvVarsInLog = 0;
		};
/* End PBXShellScriptBuildPhase section */

/* Begin PBXSourcesBuildPhase section */
		A154D43021F1DC4900314CB2 /* Sources */ = {
			isa = PBXSourcesBuildPhase;
			buildActionMask = 2147483647;
			files = (
				A154D43A21F1DC4900314CB2 /* ViewController.swift in Sources */,
				A154D44021F1DC4900314CB2 /* hagTask.xcdatamodeld in Sources */,
				A1C1850B21F33DFB003AC051 /* DescriptionPageViewController.swift in Sources */,
				A154D43821F1DC4900314CB2 /* AppDelegate.swift in Sources */,
			);
			runOnlyForDeploymentPostprocessing = 0;
		};
		A154D44721F1DC4900314CB2 /* Sources */ = {
			isa = PBXSourcesBuildPhase;
			buildActionMask = 2147483647;
			files = (
				A154D45021F1DC4900314CB2 /* hagTaskTests.swift in Sources */,
			);
			runOnlyForDeploymentPostprocessing = 0;
		};
		A154D45221F1DC4900314CB2 /* Sources */ = {
			isa = PBXSourcesBuildPhase;
			buildActionMask = 2147483647;
			files = (
				A154D45B21F1DC4900314CB2 /* hagTaskUITests.swift in Sources */,
			);
			runOnlyForDeploymentPostprocessing = 0;
		};
/* End PBXSourcesBuildPhase section */

/* Begin PBXTargetDependency section */
		A154D44D21F1DC4900314CB2 /* PBXTargetDependency */ = {
			isa = PBXTargetDependency;
			target = A154D43321F1DC4900314CB2 /* hagTask */;
			targetProxy = A154D44C21F1DC4900314CB2 /* PBXContainerItemProxy */;
		};
		A154D45821F1DC4900314CB2 /* PBXTargetDependency */ = {
			isa = PBXTargetDependency;
			target = A154D43321F1DC4900314CB2 /* hagTask */;
			targetProxy = A154D45721F1DC4900314CB2 /* PBXContainerItemProxy */;
		};
/* End PBXTargetDependency section */

/* Begin PBXVariantGroup section */
		A154D43B21F1DC4900314CB2 /* Main.storyboard */ = {
			isa = PBXVariantGroup;
			children = (
				A154D43C21F1DC4900314CB2 /* Base */,
			);
			name = Main.storyboard;
			sourceTree = "<group>";
		};
		A154D44321F1DC4900314CB2 /* LaunchScreen.storyboard */ = {
			isa = PBXVariantGroup;
			children = (
				A154D44421F1DC4900314CB2 /* Base */,
			);
			name = LaunchScreen.storyboard;
			sourceTree = "<group>";
		};
/* End PBXVariantGroup section */

/* Begin XCBuildConfiguration section */
		A154D45D21F1DC4900314CB2 /* Debug */ = {
			isa = XCBuildConfiguration;
			buildSettings = {
				ALWAYS_SEARCH_USER_PATHS = NO;
				CLANG_ANALYZER_NONNULL = YES;
				CLANG_ANALYZER_NUMBER_OBJECT_CONVERSION = YES_AGGRESSIVE;
				CLANG_CXX_LANGUAGE_STANDARD = "gnu++14";
				CLANG_CXX_LIBRARY = "libc++";
				CLANG_ENABLE_MODULES = YES;
				CLANG_ENABLE_OBJC_ARC = YES;
				CLANG_WARN_BLOCK_CAPTURE_AUTORELEASING = YES;
				CLANG_WARN_BOOL_CONVERSION = YES;
				CLANG_WARN_COMMA = YES;
				CLANG_WARN_CONSTANT_CONVERSION = YES;
				CLANG_WARN_DIRECT_OBJC_ISA_USAGE = YES_ERROR;
				CLANG_WARN_DOCUMENTATION_COMMENTS = YES;
				CLANG_WARN_EMPTY_BODY = YES;
				CLANG_WARN_ENUM_CONVERSION = YES;
				CLANG_WARN_INFINITE_RECURSION = YES;
				CLANG_WARN_INT_CONVERSION = YES;
				CLANG_WARN_NON_LITERAL_NULL_CONVERSION = YES;
				CLANG_WARN_OBJC_LITERAL_CONVERSION = YES;
				CLANG_WARN_OBJC_ROOT_CLASS = YES_ERROR;
				CLANG_WARN_RANGE_LOOP_ANALYSIS = YES;
				CLANG_WARN_STRICT_PROTOTYPES = YES;
				CLANG_WARN_SUSPICIOUS_MOVE = YES;
				CLANG_WARN_UNGUARDED_AVAILABILITY = YES_AGGRESSIVE;
				CLANG_WARN_UNREACHABLE_CODE = YES;
				CLANG_WARN__DUPLICATE_METHOD_MATCH = YES;
				CODE_SIGN_IDENTITY = "iPhone Developer";
				COPY_PHASE_STRIP = NO;
				DEBUG_INFORMATION_FORMAT = dwarf;
				ENABLE_STRICT_OBJC_MSGSEND = YES;
				ENABLE_TESTABILITY = YES;
				GCC_C_LANGUAGE_STANDARD = gnu11;
				GCC_DYNAMIC_NO_PIC = NO;
				GCC_NO_COMMON_BLOCKS = YES;
				GCC_OPTIMIZATION_LEVEL = 0;
				GCC_PREPROCESSOR_DEFINITIONS = (
					"DEBUG=1",
					"$(inherited)",
				);
				GCC_WARN_64_TO_32_BIT_CONVERSION = YES;
				GCC_WARN_ABOUT_RETURN_TYPE = YES_ERROR;
				GCC_WARN_UNDECLARED_SELECTOR = YES;
				GCC_WARN_UNINITIALIZED_AUTOS = YES_AGGRESSIVE;
				GCC_WARN_UNUSED_FUNCTION = YES;
				GCC_WARN_UNUSED_VARIABLE = YES;
				IPHONEOS_DEPLOYMENT_TARGET = 11.2;
				MTL_ENABLE_DEBUG_INFO = YES;
				ONLY_ACTIVE_ARCH = YES;
				SDKROOT = iphoneos;
				SWIFT_ACTIVE_COMPILATION_CONDITIONS = DEBUG;
				SWIFT_OPTIMIZATION_LEVEL = "-Onone";
			};
			name = Debug;
		};
		A154D45E21F1DC4900314CB2 /* Release */ = {
			isa = XCBuildConfiguration;
			buildSettings = {
				ALWAYS_SEARCH_USER_PATHS = NO;
				CLANG_ANALYZER_NONNULL = YES;
				CLANG_ANALYZER_NUMBER_OBJECT_CONVERSION = YES_AGGRESSIVE;
				CLANG_CXX_LANGUAGE_STANDARD = "gnu++14";
				CLANG_CXX_LIBRARY = "libc++";
				CLANG_ENABLE_MODULES = YES;
				CLANG_ENABLE_OBJC_ARC = YES;
				CLANG_WARN_BLOCK_CAPTURE_AUTORELEASING = YES;
				CLANG_WARN_BOOL_CONVERSION = YES;
				CLANG_WARN_COMMA = YES;
				CLANG_WARN_CONSTANT_CONVERSION = YES;
				CLANG_WARN_DIRECT_OBJC_ISA_USAGE = YES_ERROR;
				CLANG_WARN_DOCUMENTATION_COMMENTS = YES;
				CLANG_WARN_EMPTY_BODY = YES;
				CLANG_WARN_ENUM_CONVERSION = YES;
				CLANG_WARN_INFINITE_RECURSION = YES;
				CLANG_WARN_INT_CONVERSION = YES;
				CLANG_WARN_NON_LITERAL_NULL_CONVERSION = YES;
				CLANG_WARN_OBJC_LITERAL_CONVERSION = YES;
				CLANG_WARN_OBJC_ROOT_CLASS = YES_ERROR;
				CLANG_WARN_RANGE_LOOP_ANALYSIS = YES;
				CLANG_WARN_STRICT_PROTOTYPES = YES;
				CLANG_WARN_SUSPICIOUS_MOVE = YES;
				CLANG_WARN_UNGUARDED_AVAILABILITY = YES_AGGRESSIVE;
				CLANG_WARN_UNREACHABLE_CODE = YES;
				CLANG_WARN__DUPLICATE_METHOD_MATCH = YES;
				CODE_SIGN_IDENTITY = "iPhone Developer";
				COPY_PHASE_STRIP = NO;
				DEBUG_INFORMATION_FORMAT = "dwarf-with-dsym";
				ENABLE_NS_ASSERTIONS = NO;
				ENABLE_STRICT_OBJC_MSGSEND = YES;
				GCC_C_LANGUAGE_STANDARD = gnu11;
				GCC_NO_COMMON_BLOCKS = YES;
				GCC_WARN_64_TO_32_BIT_CONVERSION = YES;
				GCC_WARN_ABOUT_RETURN_TYPE = YES_ERROR;
				GCC_WARN_UNDECLARED_SELECTOR = YES;
				GCC_WARN_UNINITIALIZED_AUTOS = YES_AGGRESSIVE;
				GCC_WARN_UNUSED_FUNCTION = YES;
				GCC_WARN_UNUSED_VARIABLE = YES;
				IPHONEOS_DEPLOYMENT_TARGET = 11.2;
				MTL_ENABLE_DEBUG_INFO = NO;
				SDKROOT = iphoneos;
				SWIFT_OPTIMIZATION_LEVEL = "-Owholemodule";
				VALIDATE_PRODUCT = YES;
			};
			name = Release;
		};
		A154D46021F1DC4900314CB2 /* Debug */ = {
			isa = XCBuildConfiguration;
			baseConfigurationReference = 8C202A05578BD612D0EC8848 /* Pods-hagTask.debug.xcconfig */;
			buildSettings = {
				ASSETCATALOG_COMPILER_APPICON_NAME = AppIcon;
				CODE_SIGN_STYLE = Automatic;
				DEVELOPMENT_TEAM = J47U6Q9N4M;
				INFOPLIST_FILE = hagTask/Info.plist;
				LD_RUNPATH_SEARCH_PATHS = "$(inherited) @executable_path/Frameworks";
				PRODUCT_BUNDLE_IDENTIFIER = Akhila.hagTask;
				PRODUCT_NAME = "$(TARGET_NAME)";
				SWIFT_VERSION = 4.0;
				TARGETED_DEVICE_FAMILY = "1,2";
			};
			name = Debug;
		};
		A154D46121F1DC4900314CB2 /* Release */ = {
			isa = XCBuildConfiguration;
			baseConfigurationReference = B68FA4DF2C42DABEA572AAEB /* Pods-hagTask.release.xcconfig */;
			buildSettings = {
				ASSETCATALOG_COMPILER_APPICON_NAME = AppIcon;
				CODE_SIGN_STYLE = Automatic;
				DEVELOPMENT_TEAM = J47U6Q9N4M;
				INFOPLIST_FILE = hagTask/Info.plist;
				LD_RUNPATH_SEARCH_PATHS = "$(inherited) @executable_path/Frameworks";
				PRODUCT_BUNDLE_IDENTIFIER = Akhila.hagTask;
				PRODUCT_NAME = "$(TARGET_NAME)";
				SWIFT_VERSION = 4.0;
				TARGETED_DEVICE_FAMILY = "1,2";
			};
			name = Release;
		};
		A154D46321F1DC4900314CB2 /* Debug */ = {
			isa = XCBuildConfiguration;
			baseConfigurationReference = 9F52FB3377BAF67F63183482 /* Pods-hagTaskTests.debug.xcconfig */;
			buildSettings = {
				ALWAYS_EMBED_SWIFT_STANDARD_LIBRARIES = YES;
				BUNDLE_LOADER = "$(TEST_HOST)";
				CODE_SIGN_STYLE = Automatic;
				DEVELOPMENT_TEAM = J47U6Q9N4M;
				INFOPLIST_FILE = hagTaskTests/Info.plist;
				LD_RUNPATH_SEARCH_PATHS = "$(inherited) @executable_path/Frameworks @loader_path/Frameworks";
				PRODUCT_BUNDLE_IDENTIFIER = Akhila.hagTaskTests;
				PRODUCT_NAME = "$(TARGET_NAME)";
				SWIFT_VERSION = 4.0;
				TARGETED_DEVICE_FAMILY = "1,2";
				TEST_HOST = "$(BUILT_PRODUCTS_DIR)/hagTask.app/hagTask";
			};
			name = Debug;
		};
		A154D46421F1DC4900314CB2 /* Release */ = {
			isa = XCBuildConfiguration;
			baseConfigurationReference = 99525EBED3E4D33F36D94E4A /* Pods-hagTaskTests.release.xcconfig */;
			buildSettings = {
				ALWAYS_EMBED_SWIFT_STANDARD_LIBRARIES = YES;
				BUNDLE_LOADER = "$(TEST_HOST)";
				CODE_SIGN_STYLE = Automatic;
				DEVELOPMENT_TEAM = J47U6Q9N4M;
				INFOPLIST_FILE = hagTaskTests/Info.plist;
				LD_RUNPATH_SEARCH_PATHS = "$(inherited) @executable_path/Frameworks @loader_path/Frameworks";
				PRODUCT_BUNDLE_IDENTIFIER = Akhila.hagTaskTests;
				PRODUCT_NAME = "$(TARGET_NAME)";
				SWIFT_VERSION = 4.0;
				TARGETED_DEVICE_FAMILY = "1,2";
				TEST_HOST = "$(BUILT_PRODUCTS_DIR)/hagTask.app/hagTask";
			};
			name = Release;
		};
		A154D46621F1DC4900314CB2 /* Debug */ = {
			isa = XCBuildConfiguration;
			baseConfigurationReference = 8866F8276AAF4F6EF278E370 /* Pods-hagTaskUITests.debug.xcconfig */;
			buildSettings = {
				ALWAYS_EMBED_SWIFT_STANDARD_LIBRARIES = YES;
				CODE_SIGN_STYLE = Automatic;
				DEVELOPMENT_TEAM = J47U6Q9N4M;
				INFOPLIST_FILE = hagTaskUITests/Info.plist;
				LD_RUNPATH_SEARCH_PATHS = "$(inherited) @executable_path/Frameworks @loader_path/Frameworks";
				PRODUCT_BUNDLE_IDENTIFIER = Akhila.hagTaskUITests;
				PRODUCT_NAME = "$(TARGET_NAME)";
				SWIFT_VERSION = 4.0;
				TARGETED_DEVICE_FAMILY = "1,2";
				TEST_TARGET_NAME = hagTask;
			};
			name = Debug;
		};
		A154D46721F1DC4900314CB2 /* Release */ = {
			isa = XCBuildConfiguration;
			baseConfigurationReference = DE394A8A2D40BB3385C8AD5A /* Pods-hagTaskUITests.release.xcconfig */;
			buildSettings = {
				ALWAYS_EMBED_SWIFT_STANDARD_LIBRARIES = YES;
				CODE_SIGN_STYLE = Automatic;
				DEVELOPMENT_TEAM = J47U6Q9N4M;
				INFOPLIST_FILE = hagTaskUITests/Info.plist;
				LD_RUNPATH_SEARCH_PATHS = "$(inherited) @executable_path/Frameworks @loader_path/Frameworks";
				PRODUCT_BUNDLE_IDENTIFIER = Akhila.hagTaskUITests;
				PRODUCT_NAME = "$(TARGET_NAME)";
				SWIFT_VERSION = 4.0;
				TARGETED_DEVICE_FAMILY = "1,2";
				TEST_TARGET_NAME = hagTask;
			};
			name = Release;
		};
/* End XCBuildConfiguration section */

/* Begin XCConfigurationList section */
		A154D42F21F1DC4800314CB2 /* Build configuration list for PBXProject "hagTask" */ = {
			isa = XCConfigurationList;
			buildConfigurations = (
				A154D45D21F1DC4900314CB2 /* Debug */,
				A154D45E21F1DC4900314CB2 /* Release */,
			);
			defaultConfigurationIsVisible = 0;
			defaultConfigurationName = Release;
		};
		A154D45F21F1DC4900314CB2 /* Build configuration list for PBXNativeTarget "hagTask" */ = {
			isa = XCConfigurationList;
			buildConfigurations = (
				A154D46021F1DC4900314CB2 /* Debug */,
				A154D46121F1DC4900314CB2 /* Release */,
			);
			defaultConfigurationIsVisible = 0;
			defaultConfigurationName = Release;
		};
		A154D46221F1DC4900314CB2 /* Build configuration list for PBXNativeTarget "hagTaskTests" */ = {
			isa = XCConfigurationList;
			buildConfigurations = (
				A154D46321F1DC4900314CB2 /* Debug */,
				A154D46421F1DC4900314CB2 /* Release */,
			);
			defaultConfigurationIsVisible = 0;
			defaultConfigurationName = Release;
		};
		A154D46521F1DC4900314CB2 /* Build configuration list for PBXNativeTarget "hagTaskUITests" */ = {
			isa = XCConfigurationList;
			buildConfigurations = (
				A154D46621F1DC4900314CB2 /* Debug */,
				A154D46721F1DC4900314CB2 /* Release */,
			);
			defaultConfigurationIsVisible = 0;
			defaultConfigurationName = Release;
		};
/* End XCConfigurationList section */

/* Begin XCVersionGroup section */
		A154D43E21F1DC4900314CB2 /* hagTask.xcdatamodeld */ = {
			isa = XCVersionGroup;
			children = (
				A154D43F21F1DC4900314CB2 /* hagTask.xcdatamodel */,
			);
			currentVersion = A154D43F21F1DC4900314CB2 /* hagTask.xcdatamodel */;
			path = hagTask.xcdatamodeld;
			sourceTree = "<group>";
			versionGroupType = wrapper.xcdatamodel;
		};
/* End XCVersionGroup section */
	};
	rootObject = A154D42C21F1DC4800314CB2 /* Project object */;
}
